
Microsoft Visual Studio Solution File, Format Version 12.00
# Visual Studio 15
VisualStudioVersion = 15.0.26730.12
MinimumVisualStudioVersion = 10.0.40219.1
Project("{FAE04EC0-301F-11D3-BF4B-00C04F79EFBC}") = "DifficultySettings2", "DifficultySettings2\DifficultySettings2.csproj", "{80DB5DB4-DBC8-4CB0-9E2E-F5C79D221031}"
EndProject
Global
	GlobalSection(SolutionConfigurationPlatforms) = preSolution
		Debug|Any CPU = Debug|Any CPU
		Release|Any CPU = Release|Any CPU
	EndGlobalSection
	GlobalSection(ProjectConfigurationPlatforms) = postSolution
		{80DB5DB4-DBC8-4CB0-9E2E-F5C79D221031}.Debug|Any CPU.ActiveCfg = Debug|Any CPU
		{80DB5DB4-DBC8-4CB0-9E2E-F5C79D221031}.Debug|Any CPU.Build.0 = Debug|Any CPU
		{80DB5DB4-DBC8-4CB0-9E2E-F5C79D221031}.Release|Any CPU.ActiveCfg = Release|Any CPU
		{80DB5DB4-DBC8-4CB0-9E2E-F5C79D221031}.Release|Any CPU.Build.0 = Release|Any CPU
	EndGlobalSection
	GlobalSection(SolutionProperties) = preSolution
		HideSolutionNode = FALSE
	EndGlobalSection
	GlobalSection(ExtensibilityGlobals) = postSolution
		SolutionGuid = {BDC1ACAC-BB27-4543-BFC3-AD30AA3D3057}
	EndGlobalSection
EndGlobal
